{
  "name": "app",
  "lockfileVersion": 3,
  "requires": true,
  "packages": {
    "": {
      "name": "app",
      "dependencies": {
        "@hotwired/stimulus": "^3.2.2",
        "esbuild": "^0.21.1",
        "imask": "^7.6.1"
      }
    },
    "node_modules/@babel/runtime-corejs3": {
      "version": "7.24.6",
      "resolved": "https://registry.npmjs.org/@babel/runtime-corejs3/-/runtime-corejs3-7.24.6.tgz",
      "integrity": "sha512-tbC3o8uHK9xMgMsvUm9qGqxVpbv6yborMBLbDteHIc7JDNHsTV0vDMQ5j1O1NXvO+BDELtL9KgoWYaUVIVGt8w==",
      "dependencies": {
        "core-js-pure": "^3.30.2",
        "regenerator-runtime": "^0.14.0"
      },
      "engines": {
        "node": ">=6.9.0"
      }
    },
    "node_modules/@esbuild/linux-x64": {
      "version": "0.21.1",
      "resolved": "https://registry.npmjs.org/@esbuild/linux-x64/-/linux-x64-0.21.1.tgz",
      "integrity": "sha512-da4/1mBJwwgJkbj4fMH7SOXq2zapgTo0LKXX1VUZ0Dxr+e8N0WbS80nSZ5+zf3lvpf8qxrkZdqkOqFfm57gXwA==",
      "cpu": [
        "x64"
      ],
      "license": "MIT",
      "optional": true,
      "os": [
        "linux"
      ],
      "engines": {
        "node": ">=12"
      }
    },
    "node_modules/@hotwired/stimulus": {
      "version": "3.2.2",
      "resolved": "https://registry.npmjs.org/@hotwired/stimulus/-/stimulus-3.2.2.tgz",
      "integrity": "sha512-eGeIqNOQpXoPAIP7tC1+1Yc1yl1xnwYqg+3mzqxyrbE5pg5YFBZcA6YoTiByJB6DKAEsiWtl6tjTJS4IYtbB7A==",
      "license": "MIT"
    },
    "node_modules/core-js-pure": {
      "version": "3.37.1",
      "resolved": "https://registry.npmjs.org/core-js-pure/-/core-js-pure-3.37.1.tgz",
      "integrity": "sha512-J/r5JTHSmzTxbiYYrzXg9w1VpqrYt+gexenBE9pugeyhwPZTAEJddyiReJWsLO6uNQ8xJZFbod6XC7KKwatCiA==",
      "hasInstallScript": true,
      "funding": {
        "type": "opencollective",
        "url": "https://opencollective.com/core-js"
      }
    },
    "node_modules/esbuild": {
      "version": "0.21.1",
      "resolved": "https://registry.npmjs.org/esbuild/-/esbuild-0.21.1.tgz",
      "integrity": "sha512-GPqx+FX7mdqulCeQ4TsGZQ3djBJkx5k7zBGtqt9ycVlWNg8llJ4RO9n2vciu8BN2zAEs6lPbPl0asZsAh7oWzg==",
      "hasInstallScript": true,
      "license": "MIT",
      "bin": {
        "esbuild": "bin/esbuild"
      },
      "engines": {
        "node": ">=12"
      },
      "optionalDependencies": {
        "@esbuild/aix-ppc64": "0.21.1",
        "@esbuild/android-arm": "0.21.1",
        "@esbuild/android-arm64": "0.21.1",
        "@esbuild/android-x64": "0.21.1",
        "@esbuild/darwin-arm64": "0.21.1",
        "@esbuild/darwin-x64": "0.21.1",
        "@esbuild/freebsd-arm64": "0.21.1",
        "@esbuild/freebsd-x64": "0.21.1",
        "@esbuild/linux-arm": "0.21.1",
        "@esbuild/linux-arm64": "0.21.1",
        "@esbuild/linux-ia32": "0.21.1",
        "@esbuild/linux-loong64": "0.21.1",
        "@esbuild/linux-mips64el": "0.21.1",
        "@esbuild/linux-ppc64": "0.21.1",
        "@esbuild/linux-riscv64": "0.21.1",
        "@esbuild/linux-s390x": "0.21.1",
        "@esbuild/linux-x64": "0.21.1",
        "@esbuild/netbsd-x64": "0.21.1",
        "@esbuild/openbsd-x64": "0.21.1",
        "@esbuild/sunos-x64": "0.21.1",
        "@esbuild/win32-arm64": "0.21.1",
        "@esbuild/win32-ia32": "0.21.1",
        "@esbuild/win32-x64": "0.21.1"
      }
    },
    "node_modules/imask": {
      "version": "7.6.1",
      "resolved": "https://registry.npmjs.org/imask/-/imask-7.6.1.tgz",
      "integrity": "sha512-sJlIFM7eathUEMChTh9Mrfw/IgiWgJqBKq2VNbyXvBZ7ev/IlO6/KQTKlV/Fm+viQMLrFLG/zCuudrLIwgK2dg==",
      "dependencies": {
        "@babel/runtime-corejs3": "^7.24.4"
      },
      "engines": {
        "npm": ">=4.0.0"
      }
    },
    "node_modules/regenerator-runtime": {
      "version": "0.14.1",
      "resolved": "https://registry.npmjs.org/regenerator-runtime/-/regenerator-runtime-0.14.1.tgz",
      "integrity": "sha512-dYnhHh0nJoMfnkZs6GmmhFknAGRrLznOu5nc9ML+EJxGvrx6H7teuevqVqCuPcPK//3eDrrjQhehXVx9cnkGdw=="
    }
  }
}
